
Microsoft Visual Studio Solution File, Format Version 12.00
# Visual Studio Version 17
VisualStudioVersion = 17.5.33516.290
MinimumVisualStudioVersion = 10.0.40219.1
Project("{FAE04EC0-301F-11D3-BF4B-00C04F79EFBC}") = "ProyectoFinal", "ProyectoFinal\ProyectoFinal.csproj", "{561C5AB5-BF13-48D4-9307-0EC9DAC104E5}"
EndProject
Global
	GlobalSection(SolutionConfigurationPlatforms) = preSolution
		Debug|Any CPU = Debug|Any CPU
		Release|Any CPU = Release|Any CPU
	EndGlobalSection
	GlobalSection(ProjectConfigurationPlatforms) = postSolution
		{561C5AB5-BF13-48D4-9307-0EC9DAC104E5}.Debug|Any CPU.ActiveCfg = Debug|Any CPU
		{561C5AB5-BF13-48D4-9307-0EC9DAC104E5}.Debug|Any CPU.Build.0 = Debug|Any CPU
		{561C5AB5-BF13-48D4-9307-0EC9DAC104E5}.Release|Any CPU.ActiveCfg = Release|Any CPU
		{561C5AB5-BF13-48D4-9307-0EC9DAC104E5}.Release|Any CPU.Build.0 = Release|Any CPU
	EndGlobalSection
	GlobalSection(SolutionProperties) = preSolution
		HideSolutionNode = FALSE
	EndGlobalSection
	GlobalSection(ExtensibilityGlobals) = postSolution
		SolutionGuid = {5208DD5E-26BB-4BA7-90AA-F01C83C7A6C7}
	EndGlobalSection
EndGlobal
